
Microsoft Visual Studio Solution File, Format Version 12.00
# Visual Studio Version 17
VisualStudioVersion = 17.11.35222.181
MinimumVisualStudioVersion = 10.0.40219.1
Project("{FAE04EC0-301F-11D3-BF4B-00C04F79EFBC}") = "01_MainSubjects", "01_MainSubjects\01_MainSubjects.csproj", "{2E532ABA-68F8-408D-8849-EB3C28DB721B}"
EndProject
Project("{FAE04EC0-301F-11D3-BF4B-00C04F79EFBC}") = "02_Variables", "02_Variables\02_Variables.csproj", "{FB3F165A-9BBD-41A7-A3DD-265E403B5217}"
EndProject
Project("{FAE04EC0-301F-11D3-BF4B-00C04F79EFBC}") = "03_MakingDecision", "03_MakingDecision\03_MakingDecision.csproj", "{B169596B-489A-4A50-A0D2-67529A636839}"
EndProject
Project("{FAE04EC0-301F-11D3-BF4B-00C04F79EFBC}") = "04_Loops", "04_Loops\04_Loops.csproj", "{63598EC5-3952-4728-971F-EA15058775F3}"
EndProject
Project("{FAE04EC0-301F-11D3-BF4B-00C04F79EFBC}") = "05_LoopWithStars", "05_LoopWithStars\05_LoopWithStars.csproj", "{467F6CC6-B5FF-4020-93E8-6509B88972FD}"
EndProject
Project("{FAE04EC0-301F-11D3-BF4B-00C04F79EFBC}") = "06_Arrays", "06_Arrays\06_Arrays.csproj", "{017D7BFF-8A1E-4773-A32E-A72898995F99}"
EndProject
Project("{FAE04EC0-301F-11D3-BF4B-00C04F79EFBC}") = "07_ForeachLoop", "07_ForeachLoop\07_ForeachLoop.csproj", "{914E6D30-4F47-4F73-9061-D235ACF31771}"
EndProject
Project("{FAE04EC0-301F-11D3-BF4B-00C04F79EFBC}") = "08_Methods", "08_Methods\08_Methods.csproj", "{3892E13C-9B67-41F9-908A-32EB3FEFD265}"
EndProject
Global
	GlobalSection(SolutionConfigurationPlatforms) = preSolution
		Debug|Any CPU = Debug|Any CPU
		Release|Any CPU = Release|Any CPU
	EndGlobalSection
	GlobalSection(ProjectConfigurationPlatforms) = postSolution
		{2E532ABA-68F8-408D-8849-EB3C28DB721B}.Debug|Any CPU.ActiveCfg = Debug|Any CPU
		{2E532ABA-68F8-408D-8849-EB3C28DB721B}.Debug|Any CPU.Build.0 = Debug|Any CPU
		{2E532ABA-68F8-408D-8849-EB3C28DB721B}.Release|Any CPU.ActiveCfg = Release|Any CPU
		{2E532ABA-68F8-408D-8849-EB3C28DB721B}.Release|Any CPU.Build.0 = Release|Any CPU
		{FB3F165A-9BBD-41A7-A3DD-265E403B5217}.Debug|Any CPU.ActiveCfg = Debug|Any CPU
		{FB3F165A-9BBD-41A7-A3DD-265E403B5217}.Debug|Any CPU.Build.0 = Debug|Any CPU
		{FB3F165A-9BBD-41A7-A3DD-265E403B5217}.Release|Any CPU.ActiveCfg = Release|Any CPU
		{FB3F165A-9BBD-41A7-A3DD-265E403B5217}.Release|Any CPU.Build.0 = Release|Any CPU
		{B169596B-489A-4A50-A0D2-67529A636839}.Debug|Any CPU.ActiveCfg = Debug|Any CPU
		{B169596B-489A-4A50-A0D2-67529A636839}.Debug|Any CPU.Build.0 = Debug|Any CPU
		{B169596B-489A-4A50-A0D2-67529A636839}.Release|Any CPU.ActiveCfg = Release|Any CPU
		{B169596B-489A-4A50-A0D2-67529A636839}.Release|Any CPU.Build.0 = Release|Any CPU
		{63598EC5-3952-4728-971F-EA15058775F3}.Debug|Any CPU.ActiveCfg = Debug|Any CPU
		{63598EC5-3952-4728-971F-EA15058775F3}.Debug|Any CPU.Build.0 = Debug|Any CPU
		{63598EC5-3952-4728-971F-EA15058775F3}.Release|Any CPU.ActiveCfg = Release|Any CPU
		{63598EC5-3952-4728-971F-EA15058775F3}.Release|Any CPU.Build.0 = Release|Any CPU
		{467F6CC6-B5FF-4020-93E8-6509B88972FD}.Debug|Any CPU.ActiveCfg = Debug|Any CPU
		{467F6CC6-B5FF-4020-93E8-6509B88972FD}.Debug|Any CPU.Build.0 = Debug|Any CPU
		{467F6CC6-B5FF-4020-93E8-6509B88972FD}.Release|Any CPU.ActiveCfg = Release|Any CPU
		{467F6CC6-B5FF-4020-93E8-6509B88972FD}.Release|Any CPU.Build.0 = Release|Any CPU
		{017D7BFF-8A1E-4773-A32E-A72898995F99}.Debug|Any CPU.ActiveCfg = Debug|Any CPU
		{017D7BFF-8A1E-4773-A32E-A72898995F99}.Debug|Any CPU.Build.0 = Debug|Any CPU
		{017D7BFF-8A1E-4773-A32E-A72898995F99}.Release|Any CPU.ActiveCfg = Release|Any CPU
		{017D7BFF-8A1E-4773-A32E-A72898995F99}.Release|Any CPU.Build.0 = Release|Any CPU
		{914E6D30-4F47-4F73-9061-D235ACF31771}.Debug|Any CPU.ActiveCfg = Debug|Any CPU
		{914E6D30-4F47-4F73-9061-D235ACF31771}.Debug|Any CPU.Build.0 = Debug|Any CPU
		{914E6D30-4F47-4F73-9061-D235ACF31771}.Release|Any CPU.ActiveCfg = Release|Any CPU
		{914E6D30-4F47-4F73-9061-D235ACF31771}.Release|Any CPU.Build.0 = Release|Any CPU
		{3892E13C-9B67-41F9-908A-32EB3FEFD265}.Debug|Any CPU.ActiveCfg = Debug|Any CPU
		{3892E13C-9B67-41F9-908A-32EB3FEFD265}.Debug|Any CPU.Build.0 = Debug|Any CPU
		{3892E13C-9B67-41F9-908A-32EB3FEFD265}.Release|Any CPU.ActiveCfg = Release|Any CPU
		{3892E13C-9B67-41F9-908A-32EB3FEFD265}.Release|Any CPU.Build.0 = Release|Any CPU
	EndGlobalSection
	GlobalSection(SolutionProperties) = preSolution
		HideSolutionNode = FALSE
	EndGlobalSection
	GlobalSection(ExtensibilityGlobals) = postSolution
		SolutionGuid = {F7DBC06B-4B87-4CBE-A240-3AA8C6AB4F31}
	EndGlobalSection
EndGlobal
